
Microsoft Visual Studio Solution File, Format Version 12.00
# Visual Studio 2015
Project("{FAE04EC0-301F-11D3-BF4B-00C04F79EFBC}") = "BatCops.CSharp.Plugins", "BatCops.CSharp.Plugins.csproj", "{01D4DCB8-AD36-5DD1-B305-F7B33BB1EE04}"
EndProject
Project("{FAE04EC0-301F-11D3-BF4B-00C04F79EFBC}") = "BatCops.CSharp", "BatCops.CSharp.csproj", "{711A6340-1DE3-11E4-4826-BDFE6A42485A}"
EndProject
Project("{FAE04EC0-301F-11D3-BF4B-00C04F79EFBC}") = "BatCops.CSharp.Editor.Plugins", "BatCops.CSharp.Editor.Plugins.csproj", "{880CDD96-91B3-DF7F-B2B8-891BD69787F2}"
EndProject
Project("{FAE04EC0-301F-11D3-BF4B-00C04F79EFBC}") = "BatCops.CSharp.Editor", "BatCops.CSharp.Editor.csproj", "{DFCC38B9-3E3D-2801-6D33-FBBF7FE6EE9C}"
EndProject
Global
	GlobalSection(SolutionConfigurationPlatforms) = preSolution
		Debug|Any CPU = Debug|Any CPU
		Release|Any CPU = Release|Any CPU
	EndGlobalSection
	GlobalSection(ProjectConfigurationPlatforms) = postSolution
		{01D4DCB8-AD36-5DD1-B305-F7B33BB1EE04}.Debug|Any CPU.ActiveCfg = Debug|Any CPU
		{01D4DCB8-AD36-5DD1-B305-F7B33BB1EE04}.Debug|Any CPU.Build.0 = Debug|Any CPU
		{01D4DCB8-AD36-5DD1-B305-F7B33BB1EE04}.Release|Any CPU.ActiveCfg = Release|Any CPU
		{01D4DCB8-AD36-5DD1-B305-F7B33BB1EE04}.Release|Any CPU.Build.0 = Release|Any CPU
		{711A6340-1DE3-11E4-4826-BDFE6A42485A}.Debug|Any CPU.ActiveCfg = Debug|Any CPU
		{711A6340-1DE3-11E4-4826-BDFE6A42485A}.Debug|Any CPU.Build.0 = Debug|Any CPU
		{711A6340-1DE3-11E4-4826-BDFE6A42485A}.Release|Any CPU.ActiveCfg = Release|Any CPU
		{711A6340-1DE3-11E4-4826-BDFE6A42485A}.Release|Any CPU.Build.0 = Release|Any CPU
		{880CDD96-91B3-DF7F-B2B8-891BD69787F2}.Debug|Any CPU.ActiveCfg = Debug|Any CPU
		{880CDD96-91B3-DF7F-B2B8-891BD69787F2}.Debug|Any CPU.Build.0 = Debug|Any CPU
		{880CDD96-91B3-DF7F-B2B8-891BD69787F2}.Release|Any CPU.ActiveCfg = Release|Any CPU
		{880CDD96-91B3-DF7F-B2B8-891BD69787F2}.Release|Any CPU.Build.0 = Release|Any CPU
		{DFCC38B9-3E3D-2801-6D33-FBBF7FE6EE9C}.Debug|Any CPU.ActiveCfg = Debug|Any CPU
		{DFCC38B9-3E3D-2801-6D33-FBBF7FE6EE9C}.Debug|Any CPU.Build.0 = Debug|Any CPU
		{DFCC38B9-3E3D-2801-6D33-FBBF7FE6EE9C}.Release|Any CPU.ActiveCfg = Release|Any CPU
		{DFCC38B9-3E3D-2801-6D33-FBBF7FE6EE9C}.Release|Any CPU.Build.0 = Release|Any CPU
	EndGlobalSection
	GlobalSection(SolutionProperties) = preSolution
		HideSolutionNode = FALSE
	EndGlobalSection
EndGlobal
